
Microsoft Visual Studio Solution File, Format Version 12.00
# Visual Studio Version 17
VisualStudioVersion = 17.9.34728.123
MinimumVisualStudioVersion = 10.0.40219.1
Project("{9A19103F-16F7-4668-BE54-9A1E7A4F7556}") = "BasicEfCoreDemo", "BasicEfCoreDemo.csproj", "{FA9ABB7B-3D6B-4F3C-9773-6D416D274281}"
EndProject
Global
	GlobalSection(SolutionConfigurationPlatforms) = preSolution
		Debug|Any CPU = Debug|Any CPU
		Release|Any CPU = Release|Any CPU
	EndGlobalSection
	GlobalSection(ProjectConfigurationPlatforms) = postSolution
		{FA9ABB7B-3D6B-4F3C-9773-6D416D274281}.Debug|Any CPU.ActiveCfg = Debug|Any CPU
		{FA9ABB7B-3D6B-4F3C-9773-6D416D274281}.Debug|Any CPU.Build.0 = Debug|Any CPU
		{FA9ABB7B-3D6B-4F3C-9773-6D416D274281}.Release|Any CPU.ActiveCfg = Release|Any CPU
		{FA9ABB7B-3D6B-4F3C-9773-6D416D274281}.Release|Any CPU.Build.0 = Release|Any CPU
	EndGlobalSection
	GlobalSection(SolutionProperties) = preSolution
		HideSolutionNode = FALSE
	EndGlobalSection
	GlobalSection(ExtensibilityGlobals) = postSolution
		SolutionGuid = {7A127BE1-0E40-4CAE-9F20-53799EFB6CC3}
	EndGlobalSection
EndGlobal
